
Microsoft Visual Studio Solution File, Format Version 12.00
# Visual Studio Version 16
VisualStudioVersion = 16.0.31624.102
MinimumVisualStudioVersion = 10.0.40219.1
Project("{FAE04EC0-301F-11D3-BF4B-00C04F79EFBC}") = "ClienteArticleService-WCF", "ClienteArticleService-WCF\ClienteArticleService-WCF.csproj", "{99838A8C-94F7-4160-BFE8-7FFE4AF67114}"
EndProject
Global
	GlobalSection(SolutionConfigurationPlatforms) = preSolution
		Debug|Any CPU = Debug|Any CPU
		Release|Any CPU = Release|Any CPU
	EndGlobalSection
	GlobalSection(ProjectConfigurationPlatforms) = postSolution
		{99838A8C-94F7-4160-BFE8-7FFE4AF67114}.Debug|Any CPU.ActiveCfg = Debug|Any CPU
		{99838A8C-94F7-4160-BFE8-7FFE4AF67114}.Debug|Any CPU.Build.0 = Debug|Any CPU
		{99838A8C-94F7-4160-BFE8-7FFE4AF67114}.Release|Any CPU.ActiveCfg = Release|Any CPU
		{99838A8C-94F7-4160-BFE8-7FFE4AF67114}.Release|Any CPU.Build.0 = Release|Any CPU
	EndGlobalSection
	GlobalSection(SolutionProperties) = preSolution
		HideSolutionNode = FALSE
	EndGlobalSection
	GlobalSection(ExtensibilityGlobals) = postSolution
		SolutionGuid = {A64962BE-D437-4730-9EB7-969EC68C8452}
	EndGlobalSection
EndGlobal
